// !$*UTF8*$!
{
	archiveVersion = 1;
	classes = {
	};
	objectVersion = 50;
	objects = {

/* Begin PBXBuildFile section */
		F4358FDB2290F11600D63289 /* BaseUnitPlayer.m in Sources */ = {isa = PBXBuildFile; fileRef = F4358FDA2290F11600D63289 /* BaseUnitPlayer.m */; };
		F4358FE1229230F900D63289 /* test_441_f32le_2.pcm in Resources */ = {isa = PBXBuildFile; fileRef = F4358FE0229230F900D63289 /* test_441_f32le_2.pcm */; };
		F4358FEF2294ECB800D63289 /* test_441_s16le_2.amr in Resources */ = {isa = PBXBuildFile; fileRef = F4358FEE2294ECB800D63289 /* test_441_s16le_2.amr */; };
		F4472DE822C22F9B00C52CCC /* ADAudioSession.m in Sources */ = {isa = PBXBuildFile; fileRef = F4472DE622C22F9B00C52CCC /* ADAudioSession.m */; };
		F44F230322C32BD400A58FD0 /* AudioDataWriter.m in Sources */ = {isa = PBXBuildFile; fileRef = F44F230222C32BD400A58FD0 /* AudioDataWriter.m */; };
		F45E4683228A514E00C7DBF9 /* AppDelegate.m in Sources */ = {isa = PBXBuildFile; fileRef = F45E4682228A514E00C7DBF9 /* AppDelegate.m */; };
		F45E4686228A514E00C7DBF9 /* ViewController.m in Sources */ = {isa = PBXBuildFile; fileRef = F45E4685228A514E00C7DBF9 /* ViewController.m */; };
		F45E4689228A514E00C7DBF9 /* Main.storyboard in Resources */ = {isa = PBXBuildFile; fileRef = F45E4687228A514E00C7DBF9 /* Main.storyboard */; };
		F45E468B228A514F00C7DBF9 /* Assets.xcassets in Resources */ = {isa = PBXBuildFile; fileRef = F45E468A228A514F00C7DBF9 /* Assets.xcassets */; };
		F45E468E228A514F00C7DBF9 /* LaunchScreen.storyboard in Resources */ = {isa = PBXBuildFile; fileRef = F45E468C228A514F00C7DBF9 /* LaunchScreen.storyboard */; };
		F45E4691228A514F00C7DBF9 /* main.m in Sources */ = {isa = PBXBuildFile; fileRef = F45E4690228A514F00C7DBF9 /* main.m */; };
		F45E46D9228F87CC00C7DBF9 /* ADAudioUnitPlay.m in Sources */ = {isa = PBXBuildFile; fileRef = F45E46D5228F87CC00C7DBF9 /* ADAudioUnitPlay.m */; };
		F45E46E2228F884900C7DBF9 /* ADAVPlayer.m in Sources */ = {isa = PBXBuildFile; fileRef = F45E46E1228F884900C7DBF9 /* ADAVPlayer.m */; };
		F45E46E5228F888000C7DBF9 /* ADAVAudioPlayer.m in Sources */ = {isa = PBXBuildFile; fileRef = F45E46E4228F888000C7DBF9 /* ADAVAudioPlayer.m */; };
		F45E46E7228F8AF600C7DBF9 /* test-mp3-1.mp3 in Resources */ = {isa = PBXBuildFile; fileRef = F45E46E6228F8AF600C7DBF9 /* test-mp3-1.mp3 */; };
		F4908D1C22ABB44B002566FF /* GLFrameBuffer.m in Sources */ = {isa = PBXBuildFile; fileRef = F4908D0E22ABB44A002566FF /* GLFrameBuffer.m */; };
		F4908D1D22ABB44B002566FF /* GLRenderYUVSource.m in Sources */ = {isa = PBXBuildFile; fileRef = F4908D1222ABB44A002566FF /* GLRenderYUVSource.m */; };
		F4908D1E22ABB44B002566FF /* GLRenderRGBSource.m in Sources */ = {isa = PBXBuildFile; fileRef = F4908D1422ABB44A002566FF /* GLRenderRGBSource.m */; };
		F4908D1F22ABB44B002566FF /* CGImageUtils.m in Sources */ = {isa = PBXBuildFile; fileRef = F4908D1522ABB44A002566FF /* CGImageUtils.m */; };
		F4908D2022ABB44B002566FF /* GLUtils.m in Sources */ = {isa = PBXBuildFile; fileRef = F4908D1822ABB44A002566FF /* GLUtils.m */; };
		F4908D2122ABB44B002566FF /* GLRenderSource.m in Sources */ = {isa = PBXBuildFile; fileRef = F4908D1922ABB44A002566FF /* GLRenderSource.m */; };
		F4908D2222ABB44B002566FF /* GLProgram.m in Sources */ = {isa = PBXBuildFile; fileRef = F4908D1A22ABB44B002566FF /* GLProgram.m */; };
		F4908D2322ABB44B002566FF /* GLContext.m in Sources */ = {isa = PBXBuildFile; fileRef = F4908D1B22ABB44B002566FF /* GLContext.m */; };
		F4908D2622ABB5C5002566FF /* GLVideoView.m in Sources */ = {isa = PBXBuildFile; fileRef = F4908D2522ABB5C5002566FF /* GLVideoView.m */; };
		F4908D2922ABB751002566FF /* YuvPlayer.m in Sources */ = {isa = PBXBuildFile; fileRef = F4908D2822ABB751002566FF /* YuvPlayer.m */; };
		F4908D2F22ADEBD3002566FF /* VideoFileSource.m in Sources */ = {isa = PBXBuildFile; fileRef = F4908D2E22ADEBD3002566FF /* VideoFileSource.m */; };
		F4D0B1F222B0BD8500195205 /* test-420P-320x160.yuv in Resources */ = {isa = PBXBuildFile; fileRef = F4D0B1F122B0BD8500195205 /* test-420P-320x160.yuv */; };
		F4E1470722C0776600FB1D13 /* AVAudioSession+extion.m in Sources */ = {isa = PBXBuildFile; fileRef = F4E1470322C0776500FB1D13 /* AVAudioSession+extion.m */; };
		F4E1470822C0776600FB1D13 /* ADUnitTool.m in Sources */ = {isa = PBXBuildFile; fileRef = F4E1470522C0776600FB1D13 /* ADUnitTool.m */; };
		F4E1470B22C077D400FB1D13 /* AudioUnitRecorder.m in Sources */ = {isa = PBXBuildFile; fileRef = F4E1470A22C077D400FB1D13 /* AudioUnitRecorder.m */; };
		F4E1470F22C07A0A00FB1D13 /* AudioPlayerViewController.m in Sources */ = {isa = PBXBuildFile; fileRef = F4E1470E22C07A0A00FB1D13 /* AudioPlayerViewController.m */; };
		F4E1471222C07A1C00FB1D13 /* VideoPlayerViewController.m in Sources */ = {isa = PBXBuildFile; fileRef = F4E1471122C07A1C00FB1D13 /* VideoPlayerViewController.m */; };
		F4E1471522C07A3900FB1D13 /* AudioRecorderViewController.m in Sources */ = {isa = PBXBuildFile; fileRef = F4E1471422C07A3900FB1D13 /* AudioRecorderViewController.m */; };
/* End PBXBuildFile section */

/* Begin PBXFileReference section */
		F411F11422C99B6B00C60488 /* ADAudioDefine.h */ = {isa = PBXFileReference; lastKnownFileType = sourcecode.c.h; path = ADAudioDefine.h; sourceTree = "<group>"; };
		F4358FD92290F11600D63289 /* BaseUnitPlayer.h */ = {isa = PBXFileReference; lastKnownFileType = sourcecode.c.h; path = BaseUnitPlayer.h; sourceTree = "<group>"; };
		F4358FDA2290F11600D63289 /* BaseUnitPlayer.m */ = {isa = PBXFileReference; lastKnownFileType = sourcecode.c.objc; path = BaseUnitPlayer.m; sourceTree = "<group>"; };
		F4358FE0229230F900D63289 /* test_441_f32le_2.pcm */ = {isa = PBXFileReference; lastKnownFileType = file; path = test_441_f32le_2.pcm; sourceTree = "<group>"; };
		F4358FEE2294ECB800D63289 /* test_441_s16le_2.amr */ = {isa = PBXFileReference; lastKnownFileType = file; path = test_441_s16le_2.amr; sourceTree = "<group>"; };
		F4472DE622C22F9B00C52CCC /* ADAudioSession.m */ = {isa = PBXFileReference; fileEncoding = 4; lastKnownFileType = sourcecode.c.objc; path = ADAudioSession.m; sourceTree = "<group>"; };
		F4472DE722C22F9B00C52CCC /* ADAudioSession.h */ = {isa = PBXFileReference; fileEncoding = 4; lastKnownFileType = sourcecode.c.h; path = ADAudioSession.h; sourceTree = "<group>"; };
		F44F230122C32BD400A58FD0 /* AudioDataWriter.h */ = {isa = PBXFileReference; lastKnownFileType = sourcecode.c.h; path = AudioDataWriter.h; sourceTree = "<group>"; };
		F44F230222C32BD400A58FD0 /* AudioDataWriter.m */ = {isa = PBXFileReference; lastKnownFileType = sourcecode.c.objc; path = AudioDataWriter.m; sourceTree = "<group>"; };
		F45E467E228A514E00C7DBF9 /* media.app */ = {isa = PBXFileReference; explicitFileType = wrapper.application; includeInIndex = 0; path = media.app; sourceTree = BUILT_PRODUCTS_DIR; };
		F45E4681228A514E00C7DBF9 /* AppDelegate.h */ = {isa = PBXFileReference; lastKnownFileType = sourcecode.c.h; path = AppDelegate.h; sourceTree = "<group>"; };
		F45E4682228A514E00C7DBF9 /* AppDelegate.m */ = {isa = PBXFileReference; lastKnownFileType = sourcecode.c.objc; path = AppDelegate.m; sourceTree = "<group>"; };
		F45E4684228A514E00C7DBF9 /* ViewController.h */ = {isa = PBXFileReference; lastKnownFileType = sourcecode.c.h; path = ViewController.h; sourceTree = "<group>"; };
		F45E4685228A514E00C7DBF9 /* ViewController.m */ = {isa = PBXFileReference; lastKnownFileType = sourcecode.c.objc; path = ViewController.m; sourceTree = "<group>"; };
		F45E4688228A514E00C7DBF9 /* Base */ = {isa = PBXFileReference; lastKnownFileType = file.storyboard; name = Base; path = Base.lproj/Main.storyboard; sourceTree = "<group>"; };
		F45E468A228A514F00C7DBF9 /* Assets.xcassets */ = {isa = PBXFileReference; lastKnownFileType = folder.assetcatalog; path = Assets.xcassets; sourceTree = "<group>"; };
		F45E468D228A514F00C7DBF9 /* Base */ = {isa = PBXFileReference; lastKnownFileType = file.storyboard; name = Base; path = Base.lproj/LaunchScreen.storyboard; sourceTree = "<group>"; };
		F45E468F228A514F00C7DBF9 /* Info.plist */ = {isa = PBXFileReference; lastKnownFileType = text.plist.xml; path = Info.plist; sourceTree = "<group>"; };
		F45E4690228A514F00C7DBF9 /* main.m */ = {isa = PBXFileReference; lastKnownFileType = sourcecode.c.objc; path = main.m; sourceTree = "<group>"; };
		F45E46D5228F87CC00C7DBF9 /* ADAudioUnitPlay.m */ = {isa = PBXFileReference; fileEncoding = 4; lastKnownFileType = sourcecode.c.objc; path = ADAudioUnitPlay.m; sourceTree = "<group>"; };
		F45E46D7228F87CC00C7DBF9 /* ADAudioUnitPlay.h */ = {isa = PBXFileReference; fileEncoding = 4; lastKnownFileType = sourcecode.c.h; path = ADAudioUnitPlay.h; sourceTree = "<group>"; };
		F45E46E0228F884900C7DBF9 /* ADAVPlayer.h */ = {isa = PBXFileReference; lastKnownFileType = sourcecode.c.h; path = ADAVPlayer.h; sourceTree = "<group>"; };
		F45E46E1228F884900C7DBF9 /* ADAVPlayer.m */ = {isa = PBXFileReference; lastKnownFileType = sourcecode.c.objc; path = ADAVPlayer.m; sourceTree = "<group>"; };
		F45E46E3228F888000C7DBF9 /* ADAVAudioPlayer.h */ = {isa = PBXFileReference; lastKnownFileType = sourcecode.c.h; path = ADAVAudioPlayer.h; sourceTree = "<group>"; };
		F45E46E4228F888000C7DBF9 /* ADAVAudioPlayer.m */ = {isa = PBXFileReference; lastKnownFileType = sourcecode.c.objc; path = ADAVAudioPlayer.m; sourceTree = "<group>"; };
		F45E46E6228F8AF600C7DBF9 /* test-mp3-1.mp3 */ = {isa = PBXFileReference; lastKnownFileType = audio.mp3; path = "test-mp3-1.mp3"; sourceTree = "<group>"; };
		F4908D0B22ABB44A002566FF /* GLUtils.h */ = {isa = PBXFileReference; fileEncoding = 4; lastKnownFileType = sourcecode.c.h; path = GLUtils.h; sourceTree = "<group>"; };
		F4908D0C22ABB44A002566FF /* CGImageUtils.h */ = {isa = PBXFileReference; fileEncoding = 4; lastKnownFileType = sourcecode.c.h; path = CGImageUtils.h; sourceTree = "<group>"; };
		F4908D0D22ABB44A002566FF /* GLRenderSource.h */ = {isa = PBXFileReference; fileEncoding = 4; lastKnownFileType = sourcecode.c.h; path = GLRenderSource.h; sourceTree = "<group>"; };
		F4908D0E22ABB44A002566FF /* GLFrameBuffer.m */ = {isa = PBXFileReference; fileEncoding = 4; lastKnownFileType = sourcecode.c.objc; path = GLFrameBuffer.m; sourceTree = "<group>"; };
		F4908D0F22ABB44A002566FF /* GLRenderRGBSource.h */ = {isa = PBXFileReference; fileEncoding = 4; lastKnownFileType = sourcecode.c.h; path = GLRenderRGBSource.h; sourceTree = "<group>"; };
		F4908D1022ABB44A002566FF /* GLContext.h */ = {isa = PBXFileReference; fileEncoding = 4; lastKnownFileType = sourcecode.c.h; path = GLContext.h; sourceTree = "<group>"; };
		F4908D1122ABB44A002566FF /* GLProgram.h */ = {isa = PBXFileReference; fileEncoding = 4; lastKnownFileType = sourcecode.c.h; path = GLProgram.h; sourceTree = "<group>"; };
		F4908D1222ABB44A002566FF /* GLRenderYUVSource.m */ = {isa = PBXFileReference; fileEncoding = 4; lastKnownFileType = sourcecode.c.objc; path = GLRenderYUVSource.m; sourceTree = "<group>"; };
		F4908D1322ABB44A002566FF /* GLDefine.h */ = {isa = PBXFileReference; fileEncoding = 4; lastKnownFileType = sourcecode.c.h; path = GLDefine.h; sourceTree = "<group>"; };
		F4908D1422ABB44A002566FF /* GLRenderRGBSource.m */ = {isa = PBXFileReference; fileEncoding = 4; lastKnownFileType = sourcecode.c.objc; path = GLRenderRGBSource.m; sourceTree = "<group>"; };
		F4908D1522ABB44A002566FF /* CGImageUtils.m */ = {isa = PBXFileReference; fileEncoding = 4; lastKnownFileType = sourcecode.c.objc; path = CGImageUtils.m; sourceTree = "<group>"; };
		F4908D1622ABB44A002566FF /* GLRenderYUVSource.h */ = {isa = PBXFileReference; fileEncoding = 4; lastKnownFileType = sourcecode.c.h; path = GLRenderYUVSource.h; sourceTree = "<group>"; };
		F4908D1722ABB44A002566FF /* GLFrameBuffer.h */ = {isa = PBXFileReference; fileEncoding = 4; lastKnownFileType = sourcecode.c.h; path = GLFrameBuffer.h; sourceTree = "<group>"; };
		F4908D1822ABB44A002566FF /* GLUtils.m */ = {isa = PBXFileReference; fileEncoding = 4; lastKnownFileType = sourcecode.c.objc; path = GLUtils.m; sourceTree = "<group>"; };
		F4908D1922ABB44A002566FF /* GLRenderSource.m */ = {isa = PBXFileReference; fileEncoding = 4; lastKnownFileType = sourcecode.c.objc; path = GLRenderSource.m; sourceTree = "<group>"; };
		F4908D1A22ABB44B002566FF /* GLProgram.m */ = {isa = PBXFileReference; fileEncoding = 4; lastKnownFileType = sourcecode.c.objc; path = GLProgram.m; sourceTree = "<group>"; };
		F4908D1B22ABB44B002566FF /* GLContext.m */ = {isa = PBXFileReference; fileEncoding = 4; lastKnownFileType = sourcecode.c.objc; path = GLContext.m; sourceTree = "<group>"; };
		F4908D2422ABB5C5002566FF /* GLVideoView.h */ = {isa = PBXFileReference; lastKnownFileType = sourcecode.c.h; path = GLVideoView.h; sourceTree = "<group>"; };
		F4908D2522ABB5C5002566FF /* GLVideoView.m */ = {isa = PBXFileReference; lastKnownFileType = sourcecode.c.objc; path = GLVideoView.m; sourceTree = "<group>"; };
		F4908D2722ABB751002566FF /* YuvPlayer.h */ = {isa = PBXFileReference; lastKnownFileType = sourcecode.c.h; path = YuvPlayer.h; sourceTree = "<group>"; };
		F4908D2822ABB751002566FF /* YuvPlayer.m */ = {isa = PBXFileReference; lastKnownFileType = sourcecode.c.objc; path = YuvPlayer.m; sourceTree = "<group>"; };
		F4908D2D22ADEBD3002566FF /* VideoFileSource.h */ = {isa = PBXFileReference; lastKnownFileType = sourcecode.c.h; path = VideoFileSource.h; sourceTree = "<group>"; };
		F4908D2E22ADEBD3002566FF /* VideoFileSource.m */ = {isa = PBXFileReference; lastKnownFileType = sourcecode.c.objc; path = VideoFileSource.m; sourceTree = "<group>"; };
		F4D0B1F122B0BD8500195205 /* test-420P-320x160.yuv */ = {isa = PBXFileReference; fileEncoding = 4; lastKnownFileType = text; path = "test-420P-320x160.yuv"; sourceTree = "<group>"; };
		F4E146FD22C0593C00FB1D13 /* 采集音频.md */ = {isa = PBXFileReference; lastKnownFileType = net.daringfireball.markdown; path = "采集音频.md"; sourceTree = "<group>"; };
		F4E1470222C0776500FB1D13 /* ADUnitTool.h */ = {isa = PBXFileReference; fileEncoding = 4; lastKnownFileType = sourcecode.c.h; path = ADUnitTool.h; sourceTree = "<group>"; };
		F4E1470322C0776500FB1D13 /* AVAudioSession+extion.m */ = {isa = PBXFileReference; fileEncoding = 4; lastKnownFileType = sourcecode.c.objc; path = "AVAudioSession+extion.m"; sourceTree = "<group>"; };
		F4E1470422C0776500FB1D13 /* AVAudioSession+extion.h */ = {isa = PBXFileReference; fileEncoding = 4; lastKnownFileType = sourcecode.c.h; path = "AVAudioSession+extion.h"; sourceTree = "<group>"; };
		F4E1470522C0776600FB1D13 /* ADUnitTool.m */ = {isa = PBXFileReference; fileEncoding = 4; lastKnownFileType = sourcecode.c.objc; path = ADUnitTool.m; sourceTree = "<group>"; };
		F4E1470622C0776600FB1D13 /* AudioCommon.h */ = {isa = PBXFileReference; fileEncoding = 4; lastKnownFileType = sourcecode.c.h; path = AudioCommon.h; sourceTree = "<group>"; };
		F4E1470922C077D400FB1D13 /* AudioUnitRecorder.h */ = {isa = PBXFileReference; lastKnownFileType = sourcecode.c.h; path = AudioUnitRecorder.h; sourceTree = "<group>"; };
		F4E1470A22C077D400FB1D13 /* AudioUnitRecorder.m */ = {isa = PBXFileReference; lastKnownFileType = sourcecode.c.objc; path = AudioUnitRecorder.m; sourceTree = "<group>"; };
		F4E1470D22C07A0A00FB1D13 /* AudioPlayerViewController.h */ = {isa = PBXFileReference; lastKnownFileType = sourcecode.c.h; path = AudioPlayerViewController.h; sourceTree = "<group>"; };
		F4E1470E22C07A0A00FB1D13 /* AudioPlayerViewController.m */ = {isa = PBXFileReference; lastKnownFileType = sourcecode.c.objc; path = AudioPlayerViewController.m; sourceTree = "<group>"; };
		F4E1471022C07A1C00FB1D13 /* VideoPlayerViewController.h */ = {isa = PBXFileReference; lastKnownFileType = sourcecode.c.h; path = VideoPlayerViewController.h; sourceTree = "<group>"; };
		F4E1471122C07A1C00FB1D13 /* VideoPlayerViewController.m */ = {isa = PBXFileReference; lastKnownFileType = sourcecode.c.objc; path = VideoPlayerViewController.m; sourceTree = "<group>"; };
		F4E1471322C07A3900FB1D13 /* AudioRecorderViewController.h */ = {isa = PBXFileReference; lastKnownFileType = sourcecode.c.h; path = AudioRecorderViewController.h; sourceTree = "<group>"; };
		F4E1471422C07A3900FB1D13 /* AudioRecorderViewController.m */ = {isa = PBXFileReference; lastKnownFileType = sourcecode.c.objc; path = AudioRecorderViewController.m; sourceTree = "<group>"; };
/* End PBXFileReference section */

/* Begin PBXFrameworksBuildPhase section */
		F45E467B228A514E00C7DBF9 /* Frameworks */ = {
			isa = PBXFrameworksBuildPhase;
			buildActionMask = 2147483647;
			files = (
			);
			runOnlyForDeploymentPostprocessing = 0;
		};
/* End PBXFrameworksBuildPhase section */

/* Begin PBXGroup section */
		F45E4675228A514E00C7DBF9 = {
			isa = PBXGroup;
			children = (
				F45E4680228A514E00C7DBF9 /* media */,
				F45E467F228A514E00C7DBF9 /* Products */,
			);
			sourceTree = "<group>";
		};
		F45E467F228A514E00C7DBF9 /* Products */ = {
			isa = PBXGroup;
			children = (
				F45E467E228A514E00C7DBF9 /* media.app */,
			);
			name = Products;
			sourceTree = "<group>";
		};
		F45E4680228A514E00C7DBF9 /* media */ = {
			isa = PBXGroup;
			children = (
				F4E1470C22C079DD00FB1D13 /* Activities */,
				F4E146FB22C0587300FB1D13 /* AudioRecorder */,
				F45E46D4228F87CC00C7DBF9 /* AudioPlayer */,
				F4908D0A22ABB3EF002566FF /* VideoPlayer */,
				F4E146FC22C0588D00FB1D13 /* VideoRecorder */,
				F4E1470122C0767800FB1D13 /* AudioCommon */,
				F45E4681228A514E00C7DBF9 /* AppDelegate.h */,
				F45E4682228A514E00C7DBF9 /* AppDelegate.m */,
				F45E4684228A514E00C7DBF9 /* ViewController.h */,
				F45E4685228A514E00C7DBF9 /* ViewController.m */,
				F45E4687228A514E00C7DBF9 /* Main.storyboard */,
				F45E468A228A514F00C7DBF9 /* Assets.xcassets */,
				F45E46DB228F87E600C7DBF9 /* fileResources */,
				F45E468C228A514F00C7DBF9 /* LaunchScreen.storyboard */,
				F45E468F228A514F00C7DBF9 /* Info.plist */,
				F45E4690228A514F00C7DBF9 /* main.m */,
			);
			path = media;
			sourceTree = "<group>";
		};
		F45E46D4228F87CC00C7DBF9 /* AudioPlayer */ = {
			isa = PBXGroup;
			children = (
				F45E46D7228F87CC00C7DBF9 /* ADAudioUnitPlay.h */,
				F45E46D5228F87CC00C7DBF9 /* ADAudioUnitPlay.m */,
				F45E46E0228F884900C7DBF9 /* ADAVPlayer.h */,
				F45E46E1228F884900C7DBF9 /* ADAVPlayer.m */,
				F45E46E3228F888000C7DBF9 /* ADAVAudioPlayer.h */,
				F45E46E4228F888000C7DBF9 /* ADAVAudioPlayer.m */,
				F4358FD92290F11600D63289 /* BaseUnitPlayer.h */,
				F4358FDA2290F11600D63289 /* BaseUnitPlayer.m */,
			);
			path = AudioPlayer;
			sourceTree = "<group>";
		};
		F45E46DB228F87E600C7DBF9 /* fileResources */ = {
			isa = PBXGroup;
			children = (
				F4D0B1F122B0BD8500195205 /* test-420P-320x160.yuv */,
				F4358FEE2294ECB800D63289 /* test_441_s16le_2.amr */,
				F4358FE0229230F900D63289 /* test_441_f32le_2.pcm */,
				F45E46E6228F8AF600C7DBF9 /* test-mp3-1.mp3 */,
			);
			path = fileResources;
			sourceTree = "<group>";
		};
		F4908D0A22ABB3EF002566FF /* VideoPlayer */ = {
			isa = PBXGroup;
			children = (
				F4908D0C22ABB44A002566FF /* CGImageUtils.h */,
				F4908D1522ABB44A002566FF /* CGImageUtils.m */,
				F4908D1022ABB44A002566FF /* GLContext.h */,
				F4908D1B22ABB44B002566FF /* GLContext.m */,
				F4908D1322ABB44A002566FF /* GLDefine.h */,
				F4908D1722ABB44A002566FF /* GLFrameBuffer.h */,
				F4908D0E22ABB44A002566FF /* GLFrameBuffer.m */,
				F4908D1122ABB44A002566FF /* GLProgram.h */,
				F4908D1A22ABB44B002566FF /* GLProgram.m */,
				F4908D0F22ABB44A002566FF /* GLRenderRGBSource.h */,
				F4908D1422ABB44A002566FF /* GLRenderRGBSource.m */,
				F4908D0D22ABB44A002566FF /* GLRenderSource.h */,
				F4908D1922ABB44A002566FF /* GLRenderSource.m */,
				F4908D1622ABB44A002566FF /* GLRenderYUVSource.h */,
				F4908D1222ABB44A002566FF /* GLRenderYUVSource.m */,
				F4908D0B22ABB44A002566FF /* GLUtils.h */,
				F4908D1822ABB44A002566FF /* GLUtils.m */,
				F4908D2422ABB5C5002566FF /* GLVideoView.h */,
				F4908D2522ABB5C5002566FF /* GLVideoView.m */,
				F4908D2722ABB751002566FF /* YuvPlayer.h */,
				F4908D2822ABB751002566FF /* YuvPlayer.m */,
				F4908D2D22ADEBD3002566FF /* VideoFileSource.h */,
				F4908D2E22ADEBD3002566FF /* VideoFileSource.m */,
			);
			path = VideoPlayer;
			sourceTree = "<group>";
		};
		F4E146FB22C0587300FB1D13 /* AudioRecorder */ = {
			isa = PBXGroup;
			children = (
				F4E146FD22C0593C00FB1D13 /* 采集音频.md */,
				F4E1470922C077D400FB1D13 /* AudioUnitRecorder.h */,
				F4E1470A22C077D400FB1D13 /* AudioUnitRecorder.m */,
			);
			path = AudioRecorder;
			sourceTree = "<group>";
		};
		F4E146FC22C0588D00FB1D13 /* VideoRecorder */ = {
			isa = PBXGroup;
			children = (
			);
			path = VideoRecorder;
			sourceTree = "<group>";
		};
		F4E1470122C0767800FB1D13 /* AudioCommon */ = {
			isa = PBXGroup;
			children = (
				F4472DE722C22F9B00C52CCC /* ADAudioSession.h */,
				F4472DE622C22F9B00C52CCC /* ADAudioSession.m */,
				F4E1470222C0776500FB1D13 /* ADUnitTool.h */,
				F4E1470522C0776600FB1D13 /* ADUnitTool.m */,
				F411F11422C99B6B00C60488 /* ADAudioDefine.h */,
				F4E1470622C0776600FB1D13 /* AudioCommon.h */,
				F4E1470422C0776500FB1D13 /* AVAudioSession+extion.h */,
				F4E1470322C0776500FB1D13 /* AVAudioSession+extion.m */,
				F44F230122C32BD400A58FD0 /* AudioDataWriter.h */,
				F44F230222C32BD400A58FD0 /* AudioDataWriter.m */,
			);
			path = AudioCommon;
			sourceTree = "<group>";
		};
		F4E1470C22C079DD00FB1D13 /* Activities */ = {
			isa = PBXGroup;
			children = (
				F4E1470D22C07A0A00FB1D13 /* AudioPlayerViewController.h */,
				F4E1470E22C07A0A00FB1D13 /* AudioPlayerViewController.m */,
				F4E1471022C07A1C00FB1D13 /* VideoPlayerViewController.h */,
				F4E1471122C07A1C00FB1D13 /* VideoPlayerViewController.m */,
				F4E1471322C07A3900FB1D13 /* AudioRecorderViewController.h */,
				F4E1471422C07A3900FB1D13 /* AudioRecorderViewController.m */,
			);
			path = Activities;
			sourceTree = "<group>";
		};
/* End PBXGroup section */

/* Begin PBXNativeTarget section */
		F45E467D228A514E00C7DBF9 /* media */ = {
			isa = PBXNativeTarget;
			buildConfigurationList = F45E4694228A514F00C7DBF9 /* Build configuration list for PBXNativeTarget "media" */;
			buildPhases = (
				F45E467A228A514E00C7DBF9 /* Sources */,
				F45E467B228A514E00C7DBF9 /* Frameworks */,
				F45E467C228A514E00C7DBF9 /* Resources */,
			);
			buildRules = (
			);
			dependencies = (
			);
			name = media;
			productName = media;
			productReference = F45E467E228A514E00C7DBF9 /* media.app */;
			productType = "com.apple.product-type.application";
		};
/* End PBXNativeTarget section */

/* Begin PBXProject section */
		F45E4676228A514E00C7DBF9 /* Project object */ = {
			isa = PBXProject;
			attributes = {
				LastUpgradeCheck = 1020;
				ORGANIZATIONNAME = "飞拍科技";
				TargetAttributes = {
					F45E467D228A514E00C7DBF9 = {
						CreatedOnToolsVersion = 10.2.1;
					};
				};
			};
			buildConfigurationList = F45E4679228A514E00C7DBF9 /* Build configuration list for PBXProject "media" */;
			compatibilityVersion = "Xcode 9.3";
			developmentRegion = en;
			hasScannedForEncodings = 0;
			knownRegions = (
				en,
				Base,
			);
			mainGroup = F45E4675228A514E00C7DBF9;
			productRefGroup = F45E467F228A514E00C7DBF9 /* Products */;
			projectDirPath = "";
			projectRoot = "";
			targets = (
				F45E467D228A514E00C7DBF9 /* media */,
			);
		};
/* End PBXProject section */

/* Begin PBXResourcesBuildPhase section */
		F45E467C228A514E00C7DBF9 /* Resources */ = {
			isa = PBXResourcesBuildPhase;
			buildActionMask = 2147483647;
			files = (
				F45E468E228A514F00C7DBF9 /* LaunchScreen.storyboard in Resources */,
				F4D0B1F222B0BD8500195205 /* test-420P-320x160.yuv in Resources */,
				F4358FE1229230F900D63289 /* test_441_f32le_2.pcm in Resources */,
				F45E468B228A514F00C7DBF9 /* Assets.xcassets in Resources */,
				F4358FEF2294ECB800D63289 /* test_441_s16le_2.amr in Resources */,
				F45E46E7228F8AF600C7DBF9 /* test-mp3-1.mp3 in Resources */,
				F45E4689228A514E00C7DBF9 /* Main.storyboard in Resources */,
			);
			runOnlyForDeploymentPostprocessing = 0;
		};
/* End PBXResourcesBuildPhase section */

/* Begin PBXSourcesBuildPhase section */
		F45E467A228A514E00C7DBF9 /* Sources */ = {
			isa = PBXSourcesBuildPhase;
			buildActionMask = 2147483647;
			files = (
				F45E46E2228F884900C7DBF9 /* ADAVPlayer.m in Sources */,
				F45E46E5228F888000C7DBF9 /* ADAVAudioPlayer.m in Sources */,
				F4908D2622ABB5C5002566FF /* GLVideoView.m in Sources */,
				F44F230322C32BD400A58FD0 /* AudioDataWriter.m in Sources */,
				F4908D2322ABB44B002566FF /* GLContext.m in Sources */,
				F45E4686228A514E00C7DBF9 /* ViewController.m in Sources */,
				F4908D1F22ABB44B002566FF /* CGImageUtils.m in Sources */,
				F4908D2222ABB44B002566FF /* GLProgram.m in Sources */,
				F4E1471522C07A3900FB1D13 /* AudioRecorderViewController.m in Sources */,
				F45E4691228A514F00C7DBF9 /* main.m in Sources */,
				F4908D2F22ADEBD3002566FF /* VideoFileSource.m in Sources */,
				F4E1470822C0776600FB1D13 /* ADUnitTool.m in Sources */,
				F4E1470B22C077D400FB1D13 /* AudioUnitRecorder.m in Sources */,
				F4472DE822C22F9B00C52CCC /* ADAudioSession.m in Sources */,
				F4908D1C22ABB44B002566FF /* GLFrameBuffer.m in Sources */,
				F45E46D9228F87CC00C7DBF9 /* ADAudioUnitPlay.m in Sources */,
				F4908D2022ABB44B002566FF /* GLUtils.m in Sources */,
				F4908D2922ABB751002566FF /* YuvPlayer.m in Sources */,
				F4E1470722C0776600FB1D13 /* AVAudioSession+extion.m in Sources */,
				F45E4683228A514E00C7DBF9 /* AppDelegate.m in Sources */,
				F4358FDB2290F11600D63289 /* BaseUnitPlayer.m in Sources */,
				F4908D1D22ABB44B002566FF /* GLRenderYUVSource.m in Sources */,
				F4E1471222C07A1C00FB1D13 /* VideoPlayerViewController.m in Sources */,
				F4E1470F22C07A0A00FB1D13 /* AudioPlayerViewController.m in Sources */,
				F4908D1E22ABB44B002566FF /* GLRenderRGBSource.m in Sources */,
				F4908D2122ABB44B002566FF /* GLRenderSource.m in Sources */,
			);
			runOnlyForDeploymentPostprocessing = 0;
		};
/* End PBXSourcesBuildPhase section */

/* Begin PBXVariantGroup section */
		F45E4687228A514E00C7DBF9 /* Main.storyboard */ = {
			isa = PBXVariantGroup;
			children = (
				F45E4688228A514E00C7DBF9 /* Base */,
			);
			name = Main.storyboard;
			sourceTree = "<group>";
		};
		F45E468C228A514F00C7DBF9 /* LaunchScreen.storyboard */ = {
			isa = PBXVariantGroup;
			children = (
				F45E468D228A514F00C7DBF9 /* Base */,
			);
			name = LaunchScreen.storyboard;
			sourceTree = "<group>";
		};
/* End PBXVariantGroup section */

/* Begin XCBuildConfiguration section */
		F45E4692228A514F00C7DBF9 /* Debug */ = {
			isa = XCBuildConfiguration;
			buildSettings = {
				ALWAYS_SEARCH_USER_PATHS = NO;
				CLANG_ANALYZER_NONNULL = YES;
				CLANG_ANALYZER_NUMBER_OBJECT_CONVERSION = YES_AGGRESSIVE;
				CLANG_CXX_LANGUAGE_STANDARD = "gnu++14";
				CLANG_CXX_LIBRARY = "libc++";
				CLANG_ENABLE_MODULES = YES;
				CLANG_ENABLE_OBJC_ARC = YES;
				CLANG_ENABLE_OBJC_WEAK = YES;
				CLANG_WARN_BLOCK_CAPTURE_AUTORELEASING = YES;
				CLANG_WARN_BOOL_CONVERSION = YES;
				CLANG_WARN_COMMA = YES;
				CLANG_WARN_CONSTANT_CONVERSION = YES;
				CLANG_WARN_DEPRECATED_OBJC_IMPLEMENTATIONS = YES;
				CLANG_WARN_DIRECT_OBJC_ISA_USAGE = YES_ERROR;
				CLANG_WARN_DOCUMENTATION_COMMENTS = YES;
				CLANG_WARN_EMPTY_BODY = YES;
				CLANG_WARN_ENUM_CONVERSION = YES;
				CLANG_WARN_INFINITE_RECURSION = YES;
				CLANG_WARN_INT_CONVERSION = YES;
				CLANG_WARN_NON_LITERAL_NULL_CONVERSION = YES;
				CLANG_WARN_OBJC_IMPLICIT_RETAIN_SELF = YES;
				CLANG_WARN_OBJC_LITERAL_CONVERSION = YES;
				CLANG_WARN_OBJC_ROOT_CLASS = YES_ERROR;
				CLANG_WARN_RANGE_LOOP_ANALYSIS = YES;
				CLANG_WARN_STRICT_PROTOTYPES = YES;
				CLANG_WARN_SUSPICIOUS_MOVE = YES;
				CLANG_WARN_UNGUARDED_AVAILABILITY = YES_AGGRESSIVE;
				CLANG_WARN_UNREACHABLE_CODE = YES;
				CLANG_WARN__DUPLICATE_METHOD_MATCH = YES;
				CODE_SIGN_IDENTITY = "iPhone Developer";
				COPY_PHASE_STRIP = NO;
				DEBUG_INFORMATION_FORMAT = dwarf;
				ENABLE_STRICT_OBJC_MSGSEND = YES;
				ENABLE_TESTABILITY = YES;
				GCC_C_LANGUAGE_STANDARD = gnu11;
				GCC_DYNAMIC_NO_PIC = NO;
				GCC_NO_COMMON_BLOCKS = YES;
				GCC_OPTIMIZATION_LEVEL = 0;
				GCC_PREPROCESSOR_DEFINITIONS = (
					"DEBUG=1",
					"$(inherited)",
				);
				GCC_WARN_64_TO_32_BIT_CONVERSION = YES;
				GCC_WARN_ABOUT_RETURN_TYPE = YES_ERROR;
				GCC_WARN_UNDECLARED_SELECTOR = YES;
				GCC_WARN_UNINITIALIZED_AUTOS = YES_AGGRESSIVE;
				GCC_WARN_UNUSED_FUNCTION = YES;
				GCC_WARN_UNUSED_VARIABLE = YES;
				IPHONEOS_DEPLOYMENT_TARGET = 12.2;
				MTL_ENABLE_DEBUG_INFO = INCLUDE_SOURCE;
				MTL_FAST_MATH = YES;
				ONLY_ACTIVE_ARCH = YES;
				SDKROOT = iphoneos;
			};
			name = Debug;
		};
		F45E4693228A514F00C7DBF9 /* Release */ = {
			isa = XCBuildConfiguration;
			buildSettings = {
				ALWAYS_SEARCH_USER_PATHS = NO;
				CLANG_ANALYZER_NONNULL = YES;
				CLANG_ANALYZER_NUMBER_OBJECT_CONVERSION = YES_AGGRESSIVE;
				CLANG_CXX_LANGUAGE_STANDARD = "gnu++14";
				CLANG_CXX_LIBRARY = "libc++";
				CLANG_ENABLE_MODULES = YES;
				CLANG_ENABLE_OBJC_ARC = YES;
				CLANG_ENABLE_OBJC_WEAK = YES;
				CLANG_WARN_BLOCK_CAPTURE_AUTORELEASING = YES;
				CLANG_WARN_BOOL_CONVERSION = YES;
				CLANG_WARN_COMMA = YES;
				CLANG_WARN_CONSTANT_CONVERSION = YES;
				CLANG_WARN_DEPRECATED_OBJC_IMPLEMENTATIONS = YES;
				CLANG_WARN_DIRECT_OBJC_ISA_USAGE = YES_ERROR;
				CLANG_WARN_DOCUMENTATION_COMMENTS = YES;
				CLANG_WARN_EMPTY_BODY = YES;
				CLANG_WARN_ENUM_CONVERSION = YES;
				CLANG_WARN_INFINITE_RECURSION = YES;
				CLANG_WARN_INT_CONVERSION = YES;
				CLANG_WARN_NON_LITERAL_NULL_CONVERSION = YES;
				CLANG_WARN_OBJC_IMPLICIT_RETAIN_SELF = YES;
				CLANG_WARN_OBJC_LITERAL_CONVERSION = YES;
				CLANG_WARN_OBJC_ROOT_CLASS = YES_ERROR;
				CLANG_WARN_RANGE_LOOP_ANALYSIS = YES;
				CLANG_WARN_STRICT_PROTOTYPES = YES;
				CLANG_WARN_SUSPICIOUS_MOVE = YES;
				CLANG_WARN_UNGUARDED_AVAILABILITY = YES_AGGRESSIVE;
				CLANG_WARN_UNREACHABLE_CODE = YES;
				CLANG_WARN__DUPLICATE_METHOD_MATCH = YES;
				CODE_SIGN_IDENTITY = "iPhone Developer";
				COPY_PHASE_STRIP = NO;
				DEBUG_INFORMATION_FORMAT = "dwarf-with-dsym";
				ENABLE_NS_ASSERTIONS = NO;
				ENABLE_STRICT_OBJC_MSGSEND = YES;
				GCC_C_LANGUAGE_STANDARD = gnu11;
				GCC_NO_COMMON_BLOCKS = YES;
				GCC_WARN_64_TO_32_BIT_CONVERSION = YES;
				GCC_WARN_ABOUT_RETURN_TYPE = YES_ERROR;
				GCC_WARN_UNDECLARED_SELECTOR = YES;
				GCC_WARN_UNINITIALIZED_AUTOS = YES_AGGRESSIVE;
				GCC_WARN_UNUSED_FUNCTION = YES;
				GCC_WARN_UNUSED_VARIABLE = YES;
				IPHONEOS_DEPLOYMENT_TARGET = 12.2;
				MTL_ENABLE_DEBUG_INFO = NO;
				MTL_FAST_MATH = YES;
				SDKROOT = iphoneos;
				VALIDATE_PRODUCT = YES;
			};
			name = Release;
		};
		F45E4695228A514F00C7DBF9 /* Debug */ = {
			isa = XCBuildConfiguration;
			buildSettings = {
				ASSETCATALOG_COMPILER_APPICON_NAME = AppIcon;
				CODE_SIGN_STYLE = Automatic;
				DEVELOPMENT_TEAM = AKBWT3F327;
				INFOPLIST_FILE = media/Info.plist;
				IPHONEOS_DEPLOYMENT_TARGET = 10.0;
				LD_RUNPATH_SEARCH_PATHS = (
					"$(inherited)",
					"@executable_path/Frameworks",
				);
				PRODUCT_BUNDLE_IDENTIFIER = qwe.media;
				PRODUCT_NAME = "$(TARGET_NAME)";
				TARGETED_DEVICE_FAMILY = "1,2";
			};
			name = Debug;
		};
		F45E4696228A514F00C7DBF9 /* Release */ = {
			isa = XCBuildConfiguration;
			buildSettings = {
				ASSETCATALOG_COMPILER_APPICON_NAME = AppIcon;
				CODE_SIGN_STYLE = Automatic;
				DEVELOPMENT_TEAM = AKBWT3F327;
				INFOPLIST_FILE = media/Info.plist;
				IPHONEOS_DEPLOYMENT_TARGET = 10.0;
				LD_RUNPATH_SEARCH_PATHS = (
					"$(inherited)",
					"@executable_path/Frameworks",
				);
				PRODUCT_BUNDLE_IDENTIFIER = qwe.media;
				PRODUCT_NAME = "$(TARGET_NAME)";
				TARGETED_DEVICE_FAMILY = "1,2";
			};
			name = Release;
		};
/* End XCBuildConfiguration section */

/* Begin XCConfigurationList section */
		F45E4679228A514E00C7DBF9 /* Build configuration list for PBXProject "media" */ = {
			isa = XCConfigurationList;
			buildConfigurations = (
				F45E4692228A514F00C7DBF9 /* Debug */,
				F45E4693228A514F00C7DBF9 /* Release */,
			);
			defaultConfigurationIsVisible = 0;
			defaultConfigurationName = Release;
		};
		F45E4694228A514F00C7DBF9 /* Build configuration list for PBXNativeTarget "media" */ = {
			isa = XCConfigurationList;
			buildConfigurations = (
				F45E4695228A514F00C7DBF9 /* Debug */,
				F45E4696228A514F00C7DBF9 /* Release */,
			);
			defaultConfigurationIsVisible = 0;
			defaultConfigurationName = Release;
		};
/* End XCConfigurationList section */
	};
	rootObject = F45E4676228A514E00C7DBF9 /* Project object */;
}
